
Microsoft Visual Studio Solution File, Format Version 12.00
# Visual Studio Version 17
VisualStudioVersion = 17.10.35122.118
MinimumVisualStudioVersion = 10.0.40219.1
Project("{FAE04EC0-301F-11D3-BF4B-00C04F79EFBC}") = "MVCWithEFCF1", "MVCWithEFCF1\MVCWithEFCF1.csproj", "{E087C0A5-D9E1-43F6-AE40-2431CBD8E600}"
EndProject
Global
	GlobalSection(SolutionConfigurationPlatforms) = preSolution
		Debug|Any CPU = Debug|Any CPU
		Release|Any CPU = Release|Any CPU
	EndGlobalSection
	GlobalSection(ProjectConfigurationPlatforms) = postSolution
		{E087C0A5-D9E1-43F6-AE40-2431CBD8E600}.Debug|Any CPU.ActiveCfg = Debug|Any CPU
		{E087C0A5-D9E1-43F6-AE40-2431CBD8E600}.Debug|Any CPU.Build.0 = Debug|Any CPU
		{E087C0A5-D9E1-43F6-AE40-2431CBD8E600}.Release|Any CPU.ActiveCfg = Release|Any CPU
		{E087C0A5-D9E1-43F6-AE40-2431CBD8E600}.Release|Any CPU.Build.0 = Release|Any CPU
	EndGlobalSection
	GlobalSection(SolutionProperties) = preSolution
		HideSolutionNode = FALSE
	EndGlobalSection
	GlobalSection(ExtensibilityGlobals) = postSolution
		SolutionGuid = {DEB6C12C-85AC-4032-A903-EB4C8947CD0A}
	EndGlobalSection
EndGlobal
